
Microsoft Visual Studio Solution File, Format Version 12.00
# Visual Studio 15
VisualStudioVersion = 15.0.28307.106
MinimumVisualStudioVersion = 10.0.40219.1
Project("{FAE04EC0-301F-11D3-BF4B-00C04F79EFBC}") = "PSWebASP", "PSWebASP\PSWebASP.csproj", "{28E867B8-9718-43ED-AF52-810223D30334}"
EndProject
Global
	GlobalSection(SolutionConfigurationPlatforms) = preSolution
		Debug|Any CPU = Debug|Any CPU
		Release|Any CPU = Release|Any CPU
	EndGlobalSection
	GlobalSection(ProjectConfigurationPlatforms) = postSolution
		{28E867B8-9718-43ED-AF52-810223D30334}.Debug|Any CPU.ActiveCfg = Debug|Any CPU
		{28E867B8-9718-43ED-AF52-810223D30334}.Debug|Any CPU.Build.0 = Debug|Any CPU
		{28E867B8-9718-43ED-AF52-810223D30334}.Release|Any CPU.ActiveCfg = Release|Any CPU
		{28E867B8-9718-43ED-AF52-810223D30334}.Release|Any CPU.Build.0 = Release|Any CPU
	EndGlobalSection
	GlobalSection(SolutionProperties) = preSolution
		HideSolutionNode = FALSE
	EndGlobalSection
	GlobalSection(ExtensibilityGlobals) = postSolution
		SolutionGuid = {407F3A54-85F6-4E26-9D99-DB724DA14F40}
	EndGlobalSection
EndGlobal
